
Microsoft Visual Studio Solution File, Format Version 12.00
# Visual Studio 15
Project("{FAE04EC0-301F-11D3-BF4B-00C04F79EFBC}") = "VKAvaloniaPlayer", "VKAvaloniaPlayer.csproj", "{A363613E-D5AE-4C07-85B2-3F7519FC46B3}"
EndProject
Global
	GlobalSection(SolutionConfigurationPlatforms) = preSolution
		Debug|Any CPU = Debug|Any CPU
		Release|Any CPU = Release|Any CPU
	EndGlobalSection
	GlobalSection(ProjectConfigurationPlatforms) = postSolution
		{A363613E-D5AE-4C07-85B2-3F7519FC46B3}.Debug|Any CPU.ActiveCfg = Debug|Any CPU
		{A363613E-D5AE-4C07-85B2-3F7519FC46B3}.Debug|Any CPU.Build.0 = Debug|Any CPU
		{A363613E-D5AE-4C07-85B2-3F7519FC46B3}.Release|Any CPU.ActiveCfg = Release|Any CPU
		{A363613E-D5AE-4C07-85B2-3F7519FC46B3}.Release|Any CPU.Build.0 = Release|Any CPU
	EndGlobalSection
EndGlobal
